<?xml version="1.0" encoding="utf-8"?>
<Project ToolsVersion="4.0" xmlns="http://schemas.microsoft.com/developer/msbuild/2003">
  <ItemGroup>
    <Filter Include="BaseGame">
      <UniqueIdentifier>{da85d317-4449-4ed2-9d41-20b34d63ea35}</UniqueIdentifier>
    </Filter>
    <Filter Include="EntryPoint">
      <UniqueIdentifier>{4FC737F1-C7A5-4376-A066-2A32D752A2FF}</UniqueIdentifier>
      <Extensions>cpp;c;cc;cxx;c++;cppm;ixx;def;odl;idl;hpj;bat;asm;asmx</Extensions>
    </Filter>
    <Filter Include="Window">
      <UniqueIdentifier>{3a97a028-2e2e-4281-8631-b0776c24ff99}</UniqueIdentifier>
    </Filter>
    <Filter Include="Renderer">
      <UniqueIdentifier>{9dd86a3e-612a-406a-b1d1-b435ad7fc12d}</UniqueIdentifier>
    </Filter>
    <Filter Include="Entity">
      <UniqueIdentifier>{f5670edb-a058-4835-b6cb-7eefbca80740}</UniqueIdentifier>
    </Filter>
    <Filter Include="Entity\Entity2D">
      <UniqueIdentifier>{87cd85f5-e59f-4d20-b14a-310854ee70b0}</UniqueIdentifier>
    </Filter>
    <Filter Include="Entity\Entity2D\Shape">
      <UniqueIdentifier>{9863072c-9956-47cd-9f05-6153ed5538a2}</UniqueIdentifier>
    </Filter>
    <Filter Include="Math">
      <UniqueIdentifier>{2544d9bd-6efb-4f8b-8d46-a91bcd3d8930}</UniqueIdentifier>
    </Filter>
    <Filter Include="Math\Vector3">
      <UniqueIdentifier>{e713182e-7c47-4b2f-a663-3cb401369ddc}</UniqueIdentifier>
    </Filter>
    <Filter Include="File">
      <UniqueIdentifier>{9e9ab230-2728-4e4d-97cf-9f629b3017ae}</UniqueIdentifier>
    </Filter>
    <Filter Include="Renderer\Shader">
      <UniqueIdentifier>{4ead4e2f-b45f-4e7f-ab35-cd2bae619d2e}</UniqueIdentifier>
    </Filter>
  </ItemGroup>
  <ItemGroup>
    <ClCompile Include="..\src\Main.cpp">
      <Filter>EntryPoint</Filter>
    </ClCompile>
    <ClCompile Include="..\src\BaseGame.cpp">
      <Filter>BaseGame</Filter>
    </ClCompile>
    <ClCompile Include="..\src\Window.cpp">
      <Filter>Window</Filter>
    </ClCompile>
    <ClCompile Include="..\src\Renderer.cpp">
      <Filter>Renderer</Filter>
    </ClCompile>
    <ClCompile Include="..\src\Entity.cpp">
      <Filter>Entity</Filter>
    </ClCompile>
    <ClCompile Include="..\src\Entity2D.cpp">
      <Filter>Entity\Entity2D</Filter>
    </ClCompile>
    <ClCompile Include="..\src\Shape.cpp">
      <Filter>Entity\Entity2D\Shape</Filter>
    </ClCompile>
    <ClCompile Include="..\lib\glew-2.3.1\src\glew.c">
      <Filter>EntryPoint</Filter>
    </ClCompile>
    <ClCompile Include="..\src\File.cpp">
      <Filter>File</Filter>
    </ClCompile>
    <ClCompile Include="..\src\Shader.cpp">
      <Filter>Renderer\Shader</Filter>
    </ClCompile>
  </ItemGroup>
  <ItemGroup>
    <ClInclude Include="..\src\BaseGame.h">
      <Filter>BaseGame</Filter>
    </ClInclude>
    <ClInclude Include="..\src\Window.h">
      <Filter>Window</Filter>
    </ClInclude>
    <ClInclude Include="..\src\Renderer.h">
      <Filter>Renderer</Filter>
    </ClInclude>
    <ClInclude Include="..\src\Entity.h">
      <Filter>Entity</Filter>
    </ClInclude>
    <ClInclude Include="..\src\Vector3.h">
      <Filter>Math\Vector3</Filter>
    </ClInclude>
    <ClInclude Include="..\src\Entity2D.h">
      <Filter>Entity\Entity2D</Filter>
    </ClInclude>
    <ClInclude Include="..\src\Shape.h">
      <Filter>Entity\Entity2D\Shape</Filter>
    </ClInclude>
    <ClInclude Include="..\src\File.h">
      <Filter>File</Filter>
    </ClInclude>
    <ClInclude Include="..\src\Shader.h">
      <Filter>Renderer\Shader</Filter>
    </ClInclude>
    <ClInclude Include="..\src\Color.h" />
    <ClInclude Include="..\src\Vector2.h" />
    <ClInclude Include="..\src\Vertex.h" />
  </ItemGroup>
</Project>